Microsoft Visual Studio Solution File, Format Version 12.00
Project("{FAE04EC0-301F-11D3-BF4B-00C04F79EFBC}") = "Godot.Globalizer", "Godot.Globalizer\Godot.Globalizer\Godot.Globalizer.csproj", "{B0A3AD18-6BC3-416B-9472-7606623367EA}"
EndProject
Project("{FAE04EC0-301F-11D3-BF4B-00C04F79EFBC}") = "Godot.Globalizer.Tests", "Godot.Globalizer.Tests\Godot.Globalizer.Tests.csproj", "{2A2813D7-F737-429E-B7F5-DCE39CAF22BD}"
EndProject
Project("{FAE04EC0-301F-11D3-BF4B-00C04F79EFBC}") = "Godot.Globalizer.Abstractions", "Godot.Globalizer.Abstractions\Godot.Globalizer.Abstractions.csproj", "{7A4F0C38-5F6A-4C2B-A7E4-6E1AF4D7B9F2}"
EndProject
Global
	GlobalSection(SolutionConfigurationPlatforms) = preSolution
		Debug|Any CPU = Debug|Any CPU
		Release|Any CPU = Release|Any CPU
	EndGlobalSection
	GlobalSection(ProjectConfigurationPlatforms) = postSolution
		{B0A3AD18-6BC3-416B-9472-7606623367EA}.Debug|Any CPU.ActiveCfg = Debug|Any CPU
		{B0A3AD18-6BC3-416B-9472-7606623367EA}.Debug|Any CPU.Build.0 = Debug|Any CPU
		{B0A3AD18-6BC3-416B-9472-7606623367EA}.Release|Any CPU.ActiveCfg = Release|Any CPU
		{B0A3AD18-6BC3-416B-9472-7606623367EA}.Release|Any CPU.Build.0 = Release|Any CPU
		{2A2813D7-F737-429E-B7F5-DCE39CAF22BD}.Debug|Any CPU.ActiveCfg = Debug|Any CPU
		{2A2813D7-F737-429E-B7F5-DCE39CAF22BD}.Debug|Any CPU.Build.0 = Debug|Any CPU
		{2A2813D7-F737-429E-B7F5-DCE39CAF22BD}.Release|Any CPU.ActiveCfg = Release|Any CPU
		{2A2813D7-F737-429E-B7F5-DCE39CAF22BD}.Release|Any CPU.Build.0 = Release|Any CPU
		{7A4F0C38-5F6A-4C2B-A7E4-6E1AF4D7B9F2}.Debug|Any CPU.ActiveCfg = Debug|Any CPU
		{7A4F0C38-5F6A-4C2B-A7E4-6E1AF4D7B9F2}.Debug|Any CPU.Build.0 = Debug|Any CPU
		{7A4F0C38-5F6A-4C2B-A7E4-6E1AF4D7B9F2}.Release|Any CPU.ActiveCfg = Release|Any CPU
		{7A4F0C38-5F6A-4C2B-A7E4-6E1AF4D7B9F2}.Release|Any CPU.Build.0 = Release|Any CPU
	EndGlobalSection
EndGlobal
